// !$*UTF8*$!
{
	archiveVersion = 1;
	classes = {
	};
	objectVersion = 51;
	objects = {

/* Begin PBXBuildFile section */
		5903D6E923BDFD59000567DF /* user_pro.swift in Sources */ = {isa = PBXBuildFile; fileRef = 5903D6E823BDFD59000567DF /* user_pro.swift */; };
		59470FF623AA259A00DC4471 /* user_interview.swift in Sources */ = {isa = PBXBuildFile; fileRef = 59470FF523AA259900DC4471 /* user_interview.swift */; };
		598F52EB23CC692300B9FC9A /* popular.swift in Sources */ = {isa = PBXBuildFile; fileRef = 598F52EA23CC692300B9FC9A /* popular.swift */; };
		598F52ED23CC6DD700B9FC9A /* MovieConfiguration.swift in Sources */ = {isa = PBXBuildFile; fileRef = 598F52EC23CC6DD700B9FC9A /* MovieConfiguration.swift */; };
		598F52EF23CCA18E00B9FC9A /* moviedetail.swift in Sources */ = {isa = PBXBuildFile; fileRef = 598F52EE23CCA18E00B9FC9A /* moviedetail.swift */; };
		59A9C55123C5B4DD00AE0383 /* movie.swift in Sources */ = {isa = PBXBuildFile; fileRef = 59A9C55023C5B4DD00AE0383 /* movie.swift */; };
		59A9C55323C5B55500AE0383 /* moviecell.swift in Sources */ = {isa = PBXBuildFile; fileRef = 59A9C55223C5B55500AE0383 /* moviecell.swift */; };
		59A9C55523C5C3DA00AE0383 /* MovieService.swift in Sources */ = {isa = PBXBuildFile; fileRef = 59A9C55423C5C3DA00AE0383 /* MovieService.swift */; };
		59F280DC23AA0B2100618CCA /* AppDelegate.swift in Sources */ = {isa = PBXBuildFile; fileRef = 59F280DB23AA0B2100618CCA /* AppDelegate.swift */; };
		59F280DE23AA0B2100618CCA /* SceneDelegate.swift in Sources */ = {isa = PBXBuildFile; fileRef = 59F280DD23AA0B2100618CCA /* SceneDelegate.swift */; };
		59F280E023AA0B2100618CCA /* ViewController.swift in Sources */ = {isa = PBXBuildFile; fileRef = 59F280DF23AA0B2100618CCA /* ViewController.swift */; };
		59F280E323AA0B2100618CCA /* Main.storyboard in Resources */ = {isa = PBXBuildFile; fileRef = 59F280E123AA0B2100618CCA /* Main.storyboard */; };
		59F280E523AA0B2300618CCA /* Assets.xcassets in Resources */ = {isa = PBXBuildFile; fileRef = 59F280E423AA0B2300618CCA /* Assets.xcassets */; };
		59F280E823AA0B2300618CCA /* LaunchScreen.storyboard in Resources */ = {isa = PBXBuildFile; fileRef = 59F280E623AA0B2300618CCA /* LaunchScreen.storyboard */; };
		59F280F023AA0EAA00618CCA /* GoogleService-Info.plist in Resources */ = {isa = PBXBuildFile; fileRef = 59F280EF23AA0EAA00618CCA /* GoogleService-Info.plist */; };
		59F280F223AA10CF00618CCA /* Main.swift in Sources */ = {isa = PBXBuildFile; fileRef = 59F280F123AA10CF00618CCA /* Main.swift */; };
		59F7FA1823CDDC27001B236F /* QA.swift in Sources */ = {isa = PBXBuildFile; fileRef = 59F7FA1723CDDC27001B236F /* QA.swift */; };
		59F7FA1A23CDE8FE001B236F /* QAcell.swift in Sources */ = {isa = PBXBuildFile; fileRef = 59F7FA1923CDE8FE001B236F /* QAcell.swift */; };
		6114E26B30F034D980D93BD6 /* Pods_final1081.framework in Frameworks */ = {isa = PBXBuildFile; fileRef = 7BF8CBFE5C81AADCD707CD96 /* Pods_final1081.framework */; };
/* End PBXBuildFile section */

/* Begin PBXFileReference section */
		2940A979F310E84F9A6B85E5 /* Pods-final1081.debug.xcconfig */ = {isa = PBXFileReference; includeInIndex = 1; lastKnownFileType = text.xcconfig; name = "Pods-final1081.debug.xcconfig"; path = "Target Support Files/Pods-final1081/Pods-final1081.debug.xcconfig"; sourceTree = "<group>"; };
		5903D6E823BDFD59000567DF /* user_pro.swift */ = {isa = PBXFileReference; lastKnownFileType = sourcecode.swift; path = user_pro.swift; sourceTree = "<group>"; };
		59470FF523AA259900DC4471 /* user_interview.swift */ = {isa = PBXFileReference; lastKnownFileType = sourcecode.swift; path = user_interview.swift; sourceTree = "<group>"; };
		598F52EA23CC692300B9FC9A /* popular.swift */ = {isa = PBXFileReference; lastKnownFileType = sourcecode.swift; path = popular.swift; sourceTree = "<group>"; };
		598F52EC23CC6DD700B9FC9A /* MovieConfiguration.swift */ = {isa = PBXFileReference; fileEncoding = 4; lastKnownFileType = sourcecode.swift; path = MovieConfiguration.swift; sourceTree = "<group>"; };
		598F52EE23CCA18E00B9FC9A /* moviedetail.swift */ = {isa = PBXFileReference; lastKnownFileType = sourcecode.swift; path = moviedetail.swift; sourceTree = "<group>"; };
		59A9C55023C5B4DD00AE0383 /* movie.swift */ = {isa = PBXFileReference; lastKnownFileType = sourcecode.swift; path = movie.swift; sourceTree = "<group>"; };
		59A9C55223C5B55500AE0383 /* moviecell.swift */ = {isa = PBXFileReference; lastKnownFileType = sourcecode.swift; path = moviecell.swift; sourceTree = "<group>"; };
		59A9C55423C5C3DA00AE0383 /* MovieService.swift */ = {isa = PBXFileReference; fileEncoding = 4; lastKnownFileType = sourcecode.swift; path = MovieService.swift; sourceTree = "<group>"; };
		59F280D823AA0B2100618CCA /* final1081.app */ = {isa = PBXFileReference; explicitFileType = wrapper.application; includeInIndex = 0; path = final1081.app; sourceTree = BUILT_PRODUCTS_DIR; };
		59F280DB23AA0B2100618CCA /* AppDelegate.swift */ = {isa = PBXFileReference; lastKnownFileType = sourcecode.swift; path = AppDelegate.swift; sourceTree = "<group>"; };
		59F280DD23AA0B2100618CCA /* SceneDelegate.swift */ = {isa = PBXFileReference; lastKnownFileType = sourcecode.swift; path = SceneDelegate.swift; sourceTree = "<group>"; };
		59F280DF23AA0B2100618CCA /* ViewController.swift */ = {isa = PBXFileReference; lastKnownFileType = sourcecode.swift; path = ViewController.swift; sourceTree = "<group>"; };
		59F280E223AA0B2100618CCA /* Base */ = {isa = PBXFileReference; lastKnownFileType = file.storyboard; name = Base; path = Base.lproj/Main.storyboard; sourceTree = "<group>"; };
		59F280E423AA0B2300618CCA /* Assets.xcassets */ = {isa = PBXFileReference; lastKnownFileType = folder.assetcatalog; path = Assets.xcassets; sourceTree = "<group>"; };
		59F280E723AA0B2300618CCA /* Base */ = {isa = PBXFileReference; lastKnownFileType = file.storyboard; name = Base; path = Base.lproj/LaunchScreen.storyboard; sourceTree = "<group>"; };
		59F280E923AA0B2300618CCA /* Info.plist */ = {isa = PBXFileReference; lastKnownFileType = text.plist.xml; path = Info.plist; sourceTree = "<group>"; };
		59F280EF23AA0EAA00618CCA /* GoogleService-Info.plist */ = {isa = PBXFileReference; fileEncoding = 4; lastKnownFileType = text.plist.xml; path = "GoogleService-Info.plist"; sourceTree = "<group>"; };
		59F280F123AA10CF00618CCA /* Main.swift */ = {isa = PBXFileReference; lastKnownFileType = sourcecode.swift; path = Main.swift; sourceTree = "<group>"; };
		59F7FA1723CDDC27001B236F /* QA.swift */ = {isa = PBXFileReference; lastKnownFileType = sourcecode.swift; path = QA.swift; sourceTree = "<group>"; };
		59F7FA1923CDE8FE001B236F /* QAcell.swift */ = {isa = PBXFileReference; lastKnownFileType = sourcecode.swift; path = QAcell.swift; sourceTree = "<group>"; };
		7BF8CBFE5C81AADCD707CD96 /* Pods_final1081.framework */ = {isa = PBXFileReference; explicitFileType = wrapper.framework; includeInIndex = 0; path = Pods_final1081.framework; sourceTree = BUILT_PRODUCTS_DIR; };
		AF66F19AA346D0CE05C2D0ED /* Pods-final1081.release.xcconfig */ = {isa = PBXFileReference; includeInIndex = 1; lastKnownFileType = text.xcconfig; name = "Pods-final1081.release.xcconfig"; path = "Target Support Files/Pods-final1081/Pods-final1081.release.xcconfig"; sourceTree = "<group>"; };
/* End PBXFileReference section */

/* Begin PBXFrameworksBuildPhase section */
		59F280D523AA0B2100618CCA /* Frameworks */ = {
			isa = PBXFrameworksBuildPhase;
			buildActionMask = 2147483647;
			files = (
				6114E26B30F034D980D93BD6 /* Pods_final1081.framework in Frameworks */,
			);
			runOnlyForDeploymentPostprocessing = 0;
		};
/* End PBXFrameworksBuildPhase section */

/* Begin PBXGroup section */
		59F280CF23AA0B2100618CCA = {
			isa = PBXGroup;
			children = (
				59F280DA23AA0B2100618CCA /* final1081 */,
				59F280D923AA0B2100618CCA /* Products */,
				EE34E667F127F7F3C01EB308 /* Pods */,
				B181D2CE923F2356B82F9346 /* Frameworks */,
			);
			sourceTree = "<group>";
		};
		59F280D923AA0B2100618CCA /* Products */ = {
			isa = PBXGroup;
			children = (
				59F280D823AA0B2100618CCA /* final1081.app */,
			);
			name = Products;
			sourceTree = "<group>";
		};
		59F280DA23AA0B2100618CCA /* final1081 */ = {
			isa = PBXGroup;
			children = (
				59F280DB23AA0B2100618CCA /* AppDelegate.swift */,
				59F7FA1923CDE8FE001B236F /* QAcell.swift */,
				59F7FA1723CDDC27001B236F /* QA.swift */,
				59F280DD23AA0B2100618CCA /* SceneDelegate.swift */,
				59F280DF23AA0B2100618CCA /* ViewController.swift */,
				59A9C55223C5B55500AE0383 /* moviecell.swift */,
				59F280E123AA0B2100618CCA /* Main.storyboard */,
				598F52EE23CCA18E00B9FC9A /* moviedetail.swift */,
				59F280F123AA10CF00618CCA /* Main.swift */,
				598F52EA23CC692300B9FC9A /* popular.swift */,
				59A9C55423C5C3DA00AE0383 /* MovieService.swift */,
				598F52EC23CC6DD700B9FC9A /* MovieConfiguration.swift */,
				59F280E423AA0B2300618CCA /* Assets.xcassets */,
				59F280E623AA0B2300618CCA /* LaunchScreen.storyboard */,
				59F280E923AA0B2300618CCA /* Info.plist */,
				59F280EF23AA0EAA00618CCA /* GoogleService-Info.plist */,
				59470FF523AA259900DC4471 /* user_interview.swift */,
				5903D6E823BDFD59000567DF /* user_pro.swift */,
				59A9C55023C5B4DD00AE0383 /* movie.swift */,
			);
			path = final1081;
			sourceTree = "<group>";
		};
		B181D2CE923F2356B82F9346 /* Frameworks */ = {
			isa = PBXGroup;
			children = (
				7BF8CBFE5C81AADCD707CD96 /* Pods_final1081.framework */,
			);
			name = Frameworks;
			sourceTree = "<group>";
		};
		EE34E667F127F7F3C01EB308 /* Pods */ = {
			isa = PBXGroup;
			children = (
				2940A979F310E84F9A6B85E5 /* Pods-final1081.debug.xcconfig */,
				AF66F19AA346D0CE05C2D0ED /* Pods-final1081.release.xcconfig */,
			);
			path = Pods;
			sourceTree = "<group>";
		};
/* End PBXGroup section */

/* Begin PBXNativeTarget section */
		59F280D723AA0B2100618CCA /* final1081 */ = {
			isa = PBXNativeTarget;
			buildConfigurationList = 59F280EC23AA0B2300618CCA /* Build configuration list for PBXNativeTarget "final1081" */;
			buildPhases = (
				98361BB309ACF862361A7F90 /* [CP] Check Pods Manifest.lock */,
				59F280D423AA0B2100618CCA /* Sources */,
				59F280D523AA0B2100618CCA /* Frameworks */,
				59F280D623AA0B2100618CCA /* Resources */,
				BCA8EB7A702147D44C4B20DE /* [CP] Embed Pods Frameworks */,
			);
			buildRules = (
			);
			dependencies = (
			);
			name = final1081;
			productName = final1081;
			productReference = 59F280D823AA0B2100618CCA /* final1081.app */;
			productType = "com.apple.product-type.application";
		};
/* End PBXNativeTarget section */

/* Begin PBXProject section */
		59F280D023AA0B2100618CCA /* Project object */ = {
			isa = PBXProject;
			attributes = {
				LastSwiftUpdateCheck = 1110;
				LastUpgradeCheck = 1110;
				ORGANIZATIONNAME = matcha55;
				TargetAttributes = {
					59F280D723AA0B2100618CCA = {
						CreatedOnToolsVersion = 11.1;
					};
				};
			};
			buildConfigurationList = 59F280D323AA0B2100618CCA /* Build configuration list for PBXProject "final1081" */;
			compatibilityVersion = "Xcode 9.3";
			developmentRegion = en;
			hasScannedForEncodings = 0;
			knownRegions = (
				en,
				Base,
			);
			mainGroup = 59F280CF23AA0B2100618CCA;
			productRefGroup = 59F280D923AA0B2100618CCA /* Products */;
			projectDirPath = "";
			projectRoot = "";
			targets = (
				59F280D723AA0B2100618CCA /* final1081 */,
			);
		};
/* End PBXProject section */

/* Begin PBXResourcesBuildPhase section */
		59F280D623AA0B2100618CCA /* Resources */ = {
			isa = PBXResourcesBuildPhase;
			buildActionMask = 2147483647;
			files = (
				59F280E823AA0B2300618CCA /* LaunchScreen.storyboard in Resources */,
				59F280F023AA0EAA00618CCA /* GoogleService-Info.plist in Resources */,
				59F280E523AA0B2300618CCA /* Assets.xcassets in Resources */,
				59F280E323AA0B2100618CCA /* Main.storyboard in Resources */,
			);
			runOnlyForDeploymentPostprocessing = 0;
		};
/* End PBXResourcesBuildPhase section */

/* Begin PBXShellScriptBuildPhase section */
		98361BB309ACF862361A7F90 /* [CP] Check Pods Manifest.lock */ = {
			isa = PBXShellScriptBuildPhase;
			buildActionMask = 2147483647;
			files = (
			);
			inputFileListPaths = (
			);
			inputPaths = (
				"${PODS_PODFILE_DIR_PATH}/Podfile.lock",
				"${PODS_ROOT}/Manifest.lock",
			);
			name = "[CP] Check Pods Manifest.lock";
			outputFileListPaths = (
			);
			outputPaths = (
				"$(DERIVED_FILE_DIR)/Pods-final1081-checkManifestLockResult.txt",
			);
			runOnlyForDeploymentPostprocessing = 0;
			shellPath = /bin/sh;
			shellScript = "diff \"${PODS_PODFILE_DIR_PATH}/Podfile.lock\" \"${PODS_ROOT}/Manifest.lock\" > /dev/null\nif [ $? != 0 ] ; then\n    # print error to STDERR\n    echo \"error: The sandbox is not in sync with the Podfile.lock. Run 'pod install' or update your CocoaPods installation.\" >&2\n    exit 1\nfi\n# This output is used by Xcode 'outputs' to avoid re-running this script phase.\necho \"SUCCESS\" > \"${SCRIPT_OUTPUT_FILE_0}\"\n";
			showEnvVarsInLog = 0;
		};
		BCA8EB7A702147D44C4B20DE /* [CP] Embed Pods Frameworks */ = {
			isa = PBXShellScriptBuildPhase;
			buildActionMask = 2147483647;
			files = (
			);
			inputFileListPaths = (
				"${PODS_ROOT}/Target Support Files/Pods-final1081/Pods-final1081-frameworks-${CONFIGURATION}-input-files.xcfilelist",
			);
			name = "[CP] Embed Pods Frameworks";
			outputFileListPaths = (
				"${PODS_ROOT}/Target Support Files/Pods-final1081/Pods-final1081-frameworks-${CONFIGURATION}-output-files.xcfilelist",
			);
			runOnlyForDeploymentPostprocessing = 0;
			shellPath = /bin/sh;
			shellScript = "\"${PODS_ROOT}/Target Support Files/Pods-final1081/Pods-final1081-frameworks.sh\"\n";
			showEnvVarsInLog = 0;
		};
/* End PBXShellScriptBuildPhase section */

/* Begin PBXSourcesBuildPhase section */
		59F280D423AA0B2100618CCA /* Sources */ = {
			isa = PBXSourcesBuildPhase;
			buildActionMask = 2147483647;
			files = (
				5903D6E923BDFD59000567DF /* user_pro.swift in Sources */,
				59470FF623AA259A00DC4471 /* user_interview.swift in Sources */,
				59A9C55323C5B55500AE0383 /* moviecell.swift in Sources */,
				59F7FA1A23CDE8FE001B236F /* QAcell.swift in Sources */,
				59F280E023AA0B2100618CCA /* ViewController.swift in Sources */,
				59F280DC23AA0B2100618CCA /* AppDelegate.swift in Sources */,
				59F280DE23AA0B2100618CCA /* SceneDelegate.swift in Sources */,
				59A9C55523C5C3DA00AE0383 /* MovieService.swift in Sources */,
				59F7FA1823CDDC27001B236F /* QA.swift in Sources */,
				598F52EF23CCA18E00B9FC9A /* moviedetail.swift in Sources */,
				598F52EB23CC692300B9FC9A /* popular.swift in Sources */,
				59A9C55123C5B4DD00AE0383 /* movie.swift in Sources */,
				59F280F223AA10CF00618CCA /* Main.swift in Sources */,
				598F52ED23CC6DD700B9FC9A /* MovieConfiguration.swift in Sources */,
			);
			runOnlyForDeploymentPostprocessing = 0;
		};
/* End PBXSourcesBuildPhase section */

/* Begin PBXVariantGroup section */
		59F280E123AA0B2100618CCA /* Main.storyboard */ = {
			isa = PBXVariantGroup;
			children = (
				59F280E223AA0B2100618CCA /* Base */,
			);
			name = Main.storyboard;
			sourceTree = "<group>";
		};
		59F280E623AA0B2300618CCA /* LaunchScreen.storyboard */ = {
			isa = PBXVariantGroup;
			children = (
				59F280E723AA0B2300618CCA /* Base */,
			);
			name = LaunchScreen.storyboard;
			sourceTree = "<group>";
		};
/* End PBXVariantGroup section */

/* Begin XCBuildConfiguration section */
		59F280EA23AA0B2300618CCA /* Debug */ = {
			isa = XCBuildConfiguration;
			buildSettings = {
				ALWAYS_SEARCH_USER_PATHS = NO;
				CLANG_ANALYZER_NONNULL = YES;
				CLANG_ANALYZER_NUMBER_OBJECT_CONVERSION = YES_AGGRESSIVE;
				CLANG_CXX_LANGUAGE_STANDARD = "gnu++14";
				CLANG_CXX_LIBRARY = "libc++";
				CLANG_ENABLE_MODULES = YES;
				CLANG_ENABLE_OBJC_ARC = YES;
				CLANG_ENABLE_OBJC_WEAK = YES;
				CLANG_WARN_BLOCK_CAPTURE_AUTORELEASING = YES;
				CLANG_WARN_BOOL_CONVERSION = YES;
				CLANG_WARN_COMMA = YES;
				CLANG_WARN_CONSTANT_CONVERSION = YES;
				CLANG_WARN_DEPRECATED_OBJC_IMPLEMENTATIONS = YES;
				CLANG_WARN_DIRECT_OBJC_ISA_USAGE = YES_ERROR;
				CLANG_WARN_DOCUMENTATION_COMMENTS = YES;
				CLANG_WARN_EMPTY_BODY = YES;
				CLANG_WARN_ENUM_CONVERSION = YES;
				CLANG_WARN_INFINITE_RECURSION = YES;
				CLANG_WARN_INT_CONVERSION = YES;
				CLANG_WARN_NON_LITERAL_NULL_CONVERSION = YES;
				CLANG_WARN_OBJC_IMPLICIT_RETAIN_SELF = YES;
				CLANG_WARN_OBJC_LITERAL_CONVERSION = YES;
				CLANG_WARN_OBJC_ROOT_CLASS = YES_ERROR;
				CLANG_WARN_RANGE_LOOP_ANALYSIS = YES;
				CLANG_WARN_STRICT_PROTOTYPES = YES;
				CLANG_WARN_SUSPICIOUS_MOVE = YES;
				CLANG_WARN_UNGUARDED_AVAILABILITY = YES_AGGRESSIVE;
				CLANG_WARN_UNREACHABLE_CODE = YES;
				CLANG_WARN__DUPLICATE_METHOD_MATCH = YES;
				COPY_PHASE_STRIP = NO;
				DEBUG_INFORMATION_FORMAT = dwarf;
				ENABLE_STRICT_OBJC_MSGSEND = YES;
				ENABLE_TESTABILITY = YES;
				GCC_C_LANGUAGE_STANDARD = gnu11;
				GCC_DYNAMIC_NO_PIC = NO;
				GCC_NO_COMMON_BLOCKS = YES;
				GCC_OPTIMIZATION_LEVEL = 0;
				GCC_PREPROCESSOR_DEFINITIONS = (
					"DEBUG=1",
					"$(inherited)",
				);
				GCC_WARN_64_TO_32_BIT_CONVERSION = YES;
				GCC_WARN_ABOUT_RETURN_TYPE = YES_ERROR;
				GCC_WARN_UNDECLARED_SELECTOR = YES;
				GCC_WARN_UNINITIALIZED_AUTOS = YES_AGGRESSIVE;
				GCC_WARN_UNUSED_FUNCTION = YES;
				GCC_WARN_UNUSED_VARIABLE = YES;
				IPHONEOS_DEPLOYMENT_TARGET = 13.1;
				MTL_ENABLE_DEBUG_INFO = INCLUDE_SOURCE;
				MTL_FAST_MATH = YES;
				ONLY_ACTIVE_ARCH = YES;
				SDKROOT = iphoneos;
				SWIFT_ACTIVE_COMPILATION_CONDITIONS = DEBUG;
				SWIFT_OPTIMIZATION_LEVEL = "-Onone";
			};
			name = Debug;
		};
		59F280EB23AA0B2300618CCA /* Release */ = {
			isa = XCBuildConfiguration;
			buildSettings = {
				ALWAYS_SEARCH_USER_PATHS = NO;
				CLANG_ANALYZER_NONNULL = YES;
				CLANG_ANALYZER_NUMBER_OBJECT_CONVERSION = YES_AGGRESSIVE;
				CLANG_CXX_LANGUAGE_STANDARD = "gnu++14";
				CLANG_CXX_LIBRARY = "libc++";
				CLANG_ENABLE_MODULES = YES;
				CLANG_ENABLE_OBJC_ARC = YES;
				CLANG_ENABLE_OBJC_WEAK = YES;
				CLANG_WARN_BLOCK_CAPTURE_AUTORELEASING = YES;
				CLANG_WARN_BOOL_CONVERSION = YES;
				CLANG_WARN_COMMA = YES;
				CLANG_WARN_CONSTANT_CONVERSION = YES;
				CLANG_WARN_DEPRECATED_OBJC_IMPLEMENTATIONS = YES;
				CLANG_WARN_DIRECT_OBJC_ISA_USAGE = YES_ERROR;
				CLANG_WARN_DOCUMENTATION_COMMENTS = YES;
				CLANG_WARN_EMPTY_BODY = YES;
				CLANG_WARN_ENUM_CONVERSION = YES;
				CLANG_WARN_INFINITE_RECURSION = YES;
				CLANG_WARN_INT_CONVERSION = YES;
				CLANG_WARN_NON_LITERAL_NULL_CONVERSION = YES;
				CLANG_WARN_OBJC_IMPLICIT_RETAIN_SELF = YES;
				CLANG_WARN_OBJC_LITERAL_CONVERSION = YES;
				CLANG_WARN_OBJC_ROOT_CLASS = YES_ERROR;
				CLANG_WARN_RANGE_LOOP_ANALYSIS = YES;
				CLANG_WARN_STRICT_PROTOTYPES = YES;
				CLANG_WARN_SUSPICIOUS_MOVE = YES;
				CLANG_WARN_UNGUARDED_AVAILABILITY = YES_AGGRESSIVE;
				CLANG_WARN_UNREACHABLE_CODE = YES;
				CLANG_WARN__DUPLICATE_METHOD_MATCH = YES;
				COPY_PHASE_STRIP = NO;
				DEBUG_INFORMATION_FORMAT = "dwarf-with-dsym";
				ENABLE_NS_ASSERTIONS = NO;
				ENABLE_STRICT_OBJC_MSGSEND = YES;
				GCC_C_LANGUAGE_STANDARD = gnu11;
				GCC_NO_COMMON_BLOCKS = YES;
				GCC_WARN_64_TO_32_BIT_CONVERSION = YES;
				GCC_WARN_ABOUT_RETURN_TYPE = YES_ERROR;
				GCC_WARN_UNDECLARED_SELECTOR = YES;
				GCC_WARN_UNINITIALIZED_AUTOS = YES_AGGRESSIVE;
				GCC_WARN_UNUSED_FUNCTION = YES;
				GCC_WARN_UNUSED_VARIABLE = YES;
				IPHONEOS_DEPLOYMENT_TARGET = 13.1;
				MTL_ENABLE_DEBUG_INFO = NO;
				MTL_FAST_MATH = YES;
				SDKROOT = iphoneos;
				SWIFT_COMPILATION_MODE = wholemodule;
				SWIFT_OPTIMIZATION_LEVEL = "-O";
				VALIDATE_PRODUCT = YES;
			};
			name = Release;
		};
		59F280ED23AA0B2300618CCA /* Debug */ = {
			isa = XCBuildConfiguration;
			baseConfigurationReference = 2940A979F310E84F9A6B85E5 /* Pods-final1081.debug.xcconfig */;
			buildSettings = {
				ASSETCATALOG_COMPILER_APPICON_NAME = AppIcon;
				CODE_SIGN_STYLE = Automatic;
				INFOPLIST_FILE = final1081/Info.plist;
				IPHONEOS_DEPLOYMENT_TARGET = 13.1;
				LD_RUNPATH_SEARCH_PATHS = (
					"$(inherited)",
					"@executable_path/Frameworks",
				);
				PRODUCT_BUNDLE_IDENTIFIER = matcha55.final1081;
				PRODUCT_NAME = "$(TARGET_NAME)";
				SWIFT_VERSION = 5.0;
				TARGETED_DEVICE_FAMILY = "1,2";
			};
			name = Debug;
		};
		59F280EE23AA0B2300618CCA /* Release */ = {
			isa = XCBuildConfiguration;
			baseConfigurationReference = AF66F19AA346D0CE05C2D0ED /* Pods-final1081.release.xcconfig */;
			buildSettings = {
				ASSETCATALOG_COMPILER_APPICON_NAME = AppIcon;
				CODE_SIGN_STYLE = Automatic;
				INFOPLIST_FILE = final1081/Info.plist;
				IPHONEOS_DEPLOYMENT_TARGET = 13.1;
				LD_RUNPATH_SEARCH_PATHS = (
					"$(inherited)",
					"@executable_path/Frameworks",
				);
				PRODUCT_BUNDLE_IDENTIFIER = matcha55.final1081;
				PRODUCT_NAME = "$(TARGET_NAME)";
				SWIFT_VERSION = 5.0;
				TARGETED_DEVICE_FAMILY = "1,2";
			};
			name = Release;
		};
/* End XCBuildConfiguration section */

/* Begin XCConfigurationList section */
		59F280D323AA0B2100618CCA /* Build configuration list for PBXProject "final1081" */ = {
			isa = XCConfigurationList;
			buildConfigurations = (
				59F280EA23AA0B2300618CCA /* Debug */,
				59F280EB23AA0B2300618CCA /* Release */,
			);
			defaultConfigurationIsVisible = 0;
			defaultConfigurationName = Release;
		};
		59F280EC23AA0B2300618CCA /* Build configuration list for PBXNativeTarget "final1081" */ = {
			isa = XCConfigurationList;
			buildConfigurations = (
				59F280ED23AA0B2300618CCA /* Debug */,
				59F280EE23AA0B2300618CCA /* Release */,
			);
			defaultConfigurationIsVisible = 0;
			defaultConfigurationName = Release;
		};
/* End XCConfigurationList section */
	};
	rootObject = 59F280D023AA0B2100618CCA /* Project object */;
}
